
Microsoft Visual Studio Solution File, Format Version 12.00
# Visual Studio Version 17
VisualStudioVersion = 17.3.32811.315
MinimumVisualStudioVersion = 10.0.40219.1
Project("{9A19103F-16F7-4668-BE54-9A1E7A4F7556}") = "MISA.WEB01.CUKCUK.NVTHUY", "MISA.WEB01.CUKCUK.NVTHUY\MISA.WEB01.CUKCUK.NVTHUY.csproj", "{0EF780F4-7925-492C-834C-D56869415B7E}"
EndProject
Project("{9A19103F-16F7-4668-BE54-9A1E7A4F7556}") = "MISA.WEB01.CUKCUK.NVTHUY.BL", "MISA.WEB01.CUKCUK.NVTHUY.BL\MISA.WEB01.CUKCUK.NVTHUY.BL.csproj", "{31BA7C51-7DBC-43E6-9809-5C4638298D2C}"
EndProject
Project("{9A19103F-16F7-4668-BE54-9A1E7A4F7556}") = "MISA.WEB01.CUKCUK.NVTHUY.DL", "MISA.WEB01.CUKCUK.NVTHUY.DL\MISA.WEB01.CUKCUK.NVTHUY.DL.csproj", "{96621BD1-5CAB-43FC-A570-8697653D945E}"
EndProject
Project("{9A19103F-16F7-4668-BE54-9A1E7A4F7556}") = "MISA.WEB01.CUKCUK.NVTHUY.Common", "MISA.WEB01.CUKCUK.NVTHUY.Common\MISA.WEB01.CUKCUK.NVTHUY.Common.csproj", "{DA086BEE-CC6B-4936-A9AE-5AA3F0F1C3EB}"
EndProject
Project("{2150E333-8FDC-42A3-9474-1A3956D46DE8}") = "Solution Items", "Solution Items", "{C1A57354-4911-4362-8198-4BA2FAB0E008}"
	ProjectSection(SolutionItems) = preProject
		.editorconfig = .editorconfig
	EndProjectSection
EndProject
Global
	GlobalSection(SolutionConfigurationPlatforms) = preSolution
		Debug|Any CPU = Debug|Any CPU
		Release|Any CPU = Release|Any CPU
	EndGlobalSection
	GlobalSection(ProjectConfigurationPlatforms) = postSolution
		{0EF780F4-7925-492C-834C-D56869415B7E}.Debug|Any CPU.ActiveCfg = Debug|Any CPU
		{0EF780F4-7925-492C-834C-D56869415B7E}.Debug|Any CPU.Build.0 = Debug|Any CPU
		{0EF780F4-7925-492C-834C-D56869415B7E}.Release|Any CPU.ActiveCfg = Release|Any CPU
		{0EF780F4-7925-492C-834C-D56869415B7E}.Release|Any CPU.Build.0 = Release|Any CPU
		{31BA7C51-7DBC-43E6-9809-5C4638298D2C}.Debug|Any CPU.ActiveCfg = Debug|Any CPU
		{31BA7C51-7DBC-43E6-9809-5C4638298D2C}.Debug|Any CPU.Build.0 = Debug|Any CPU
		{31BA7C51-7DBC-43E6-9809-5C4638298D2C}.Release|Any CPU.ActiveCfg = Release|Any CPU
		{31BA7C51-7DBC-43E6-9809-5C4638298D2C}.Release|Any CPU.Build.0 = Release|Any CPU
		{96621BD1-5CAB-43FC-A570-8697653D945E}.Debug|Any CPU.ActiveCfg = Debug|Any CPU
		{96621BD1-5CAB-43FC-A570-8697653D945E}.Debug|Any CPU.Build.0 = Debug|Any CPU
		{96621BD1-5CAB-43FC-A570-8697653D945E}.Release|Any CPU.ActiveCfg = Release|Any CPU
		{96621BD1-5CAB-43FC-A570-8697653D945E}.Release|Any CPU.Build.0 = Release|Any CPU
		{DA086BEE-CC6B-4936-A9AE-5AA3F0F1C3EB}.Debug|Any CPU.ActiveCfg = Debug|Any CPU
		{DA086BEE-CC6B-4936-A9AE-5AA3F0F1C3EB}.Debug|Any CPU.Build.0 = Debug|Any CPU
		{DA086BEE-CC6B-4936-A9AE-5AA3F0F1C3EB}.Release|Any CPU.ActiveCfg = Release|Any CPU
		{DA086BEE-CC6B-4936-A9AE-5AA3F0F1C3EB}.Release|Any CPU.Build.0 = Release|Any CPU
	EndGlobalSection
	GlobalSection(SolutionProperties) = preSolution
		HideSolutionNode = FALSE
	EndGlobalSection
	GlobalSection(ExtensibilityGlobals) = postSolution
		SolutionGuid = {2267E179-207B-4967-9204-EBAFFAC661AB}
	EndGlobalSection
EndGlobal
